{
  "version": 4,
  "terraform_version": "0.13.7",
  "serial": 11,
  "lineage": "c1e88755-13af-4d2c-03c5-13677773cc73",
  "outputs": {},
  "resources": [
    {
      "module": "module.gh_oidc",
      "mode": "managed",
      "type": "google_iam_workload_identity_pool",
      "name": "main",
      "provider": "provider[\"registry.terraform.io/hashicorp/google-beta\"]",
      "instances": [
        {
          "schema_version": 0,
          "attributes": {
            "description": "Workload Identity Pool managed by Terraform",
            "disabled": false,
            "display_name": "",
            "id": "projects/gke-test-320301/locations/global/workloadIdentityPools/example-pool",
            "name": "projects/1030236463846/locations/global/workloadIdentityPools/example-pool",
            "project": "gke-test-320301",
            "state": "ACTIVE",
            "timeouts": null,
            "workload_identity_pool_id": "example-pool"
          },
          "private": "eyJlMmJmYjczMC1lY2FhLTExZTYtOGY4OC0zNDM2M2JjN2M0YzAiOnsiY3JlYXRlIjoyNDAwMDAwMDAwMDAsImRlbGV0ZSI6MjQwMDAwMDAwMDAwLCJ1cGRhdGUiOjI0MDAwMDAwMDAwMH19"
        }
      ]
    },
    {
      "module": "module.gh_oidc",
      "mode": "managed",
      "type": "google_iam_workload_identity_pool_provider",
      "name": "main",
      "provider": "provider[\"registry.terraform.io/hashicorp/google-beta\"]",
      "instances": [
        {
          "schema_version": 0,
          "attributes": {
            "attribute_condition": "",
            "attribute_mapping": {
              "attribute.actor": "assertion.actor",
              "attribute.aud": "assertion.aud",
              "attribute.repository": "assertion.repository",
              "google.subject": "assertion.sub"
            },
            "aws": [],
            "description": "Workload Identity Pool Provider managed by Terraform",
            "disabled": false,
            "display_name": "",
            "id": "projects/gke-test-320301/locations/global/workloadIdentityPools/example-pool/providers/example-gh-provider",
            "name": "projects/1030236463846/locations/global/workloadIdentityPools/example-pool/providers/example-gh-provider",
            "oidc": [
              {
                "allowed_audiences": [],
                "issuer_uri": "https://token.actions.githubusercontent.com"
              }
            ],
            "project": "gke-test-320301",
            "state": "ACTIVE",
            "timeouts": null,
            "workload_identity_pool_id": "example-pool",
            "workload_identity_pool_provider_id": "example-gh-provider"
          },
          "private": "eyJlMmJmYjczMC1lY2FhLTExZTYtOGY4OC0zNDM2M2JjN2M0YzAiOnsiY3JlYXRlIjoyNDAwMDAwMDAwMDAsImRlbGV0ZSI6MjQwMDAwMDAwMDAwLCJ1cGRhdGUiOjI0MDAwMDAwMDAwMH19",
          "dependencies": [
            "module.gh_oidc.google_iam_workload_identity_pool.main"
          ]
        }
      ]
    },
    {
      "module": "module.gh_oidc",
      "mode": "managed",
      "type": "google_service_account_iam_member",
      "name": "wif-sa",
      "provider": "provider[\"registry.terraform.io/hashicorp/google\"]",
      "instances": [
        {
          "index_key": "foo-service-account",
          "schema_version": 0,
          "attributes": {
            "condition": [],
            "etag": "BwXV/jZHMzM=",
            "id": "projects/kcc-clean/serviceAccounts/codebuild-gitflow@kcc-clean.iam.gserviceaccount.com/roles/iam.workloadIdentityUser/principalSet://iam.googleapis.com/projects/1030236463846/locations/global/workloadIdentityPools/example-pool/attribute.repository/ramneekkh/anthos-gke-deployment",
            "member": "principalSet://iam.googleapis.com/projects/1030236463846/locations/global/workloadIdentityPools/example-pool/attribute.repository/ramneekkh/anthos-gke-deployment",
            "role": "roles/iam.workloadIdentityUser",
            "service_account_id": "projects/kcc-clean/serviceAccounts/codebuild-gitflow@kcc-clean.iam.gserviceaccount.com"
          },
          "private": "bnVsbA==",
          "dependencies": [
            "module.gh_oidc.google_iam_workload_identity_pool.main"
          ]
        }
      ]
    }
  ]
}
